
Microsoft Visual Studio Solution File, Format Version 12.00
# Visual Studio Version 17
VisualStudioVersion = 17.0.31903.59
MinimumVisualStudioVersion = 10.0.40219.1
Project("{2150E333-8FDC-42A3-9474-1A3956D46DE8}") = "src", "src", "{827E0CD3-B72D-47B6-A68D-7590B98EB39B}"
EndProject
Project("{2150E333-8FDC-42A3-9474-1A3956D46DE8}") = "Mobile", "Mobile", "{5F6E8ECF-6C7C-84BC-3852-AC68F2C425F8}"
EndProject
Project("{FAE04EC0-301F-11D3-BF4B-00C04F79EFBC}") = "Sustainacore.Mobile", "src\Mobile\Sustainacore.Mobile\Sustainacore.Mobile.csproj", "{D496E0C3-B428-4C69-BA36-E2A84E372F1D}"
EndProject
Project("{2150E333-8FDC-42A3-9474-1A3956D46DE8}") = "Contracts", "Contracts", "{FFBE31B8-50B9-B415-22BC-2F92C97CADA3}"
EndProject
Project("{FAE04EC0-301F-11D3-BF4B-00C04F79EFBC}") = "Sustainacore.Contracts", "src\Contracts\Sustainacore.Contracts\Sustainacore.Contracts.csproj", "{1EEA690D-D035-47ED-AA25-B5DCE88D3748}"
EndProject
Project("{2150E333-8FDC-42A3-9474-1A3956D46DE8}") = "Core", "Core", "{8D626EA8-CB54-BC41-363A-217881BEBA6E}"
EndProject
Project("{FAE04EC0-301F-11D3-BF4B-00C04F79EFBC}") = "Sustainacore.Application", "src\Core\Sustainacore.Application\Sustainacore.Application.csproj", "{6D577E02-FC18-49D5-AAEE-EE5F9F345B01}"
EndProject
Project("{FAE04EC0-301F-11D3-BF4B-00C04F79EFBC}") = "Sustainacore.Domain", "src\Core\Sustainacore.Domain\Sustainacore.Domain.csproj", "{07C22CBA-4ED2-482E-B09B-9029BB5CEB7E}"
EndProject
Project("{FAE04EC0-301F-11D3-BF4B-00C04F79EFBC}") = "Sustainacore.SharedKernel", "src\Core\Sustainacore.SharedKernel\Sustainacore.SharedKernel.csproj", "{0876E055-8E96-49B0-815D-E2C10C70E76A}"
EndProject
Project("{2150E333-8FDC-42A3-9474-1A3956D46DE8}") = "Infra", "Infra", "{15879CB8-7A3F-14CE-5390-BDD4BAA5791B}"
EndProject
Project("{FAE04EC0-301F-11D3-BF4B-00C04F79EFBC}") = "Sustainacore.Firebase", "src\Infra\Sustainacore.Firebase\Sustainacore.Firebase.csproj", "{252E067E-474D-4C27-AA32-B53DA711F15E}"
EndProject
Project("{FAE04EC0-301F-11D3-BF4B-00C04F79EFBC}") = "Sustainacore.Infrastructure", "src\Infra\Sustainacore.Infrastructure\Sustainacore.Infrastructure.csproj", "{494CBCDB-DF28-42CB-BC1F-114BA89BF991}"
EndProject
Project("{FAE04EC0-301F-11D3-BF4B-00C04F79EFBC}") = "Sustainacore.Payments", "src\Infra\Sustainacore.Payments\Sustainacore.Payments.csproj", "{509197AD-33E7-482E-8991-56F3C204D1BF}"
EndProject
Project("{2150E333-8FDC-42A3-9474-1A3956D46DE8}") = "Observability", "Observability", "{3339D402-2AB5-41A5-71BE-05E6399CF675}"
EndProject
Project("{FAE04EC0-301F-11D3-BF4B-00C04F79EFBC}") = "Sustainacore.Observability", "src\Observability\Sustainacore.Observability\Sustainacore.Observability.csproj", "{6DA3F06B-D1FE-4A02-87D1-CA17CB8D2059}"
EndProject
Project("{2150E333-8FDC-42A3-9474-1A3956D46DE8}") = "Tools", "Tools", "{DCB6FCB8-FF92-AC57-0842-1F72A354D6B1}"
EndProject
Project("{FAE04EC0-301F-11D3-BF4B-00C04F79EFBC}") = "Sustainacore.Cli", "src\Tools\Sustainacore.Cli\Sustainacore.Cli.csproj", "{0F896FF1-2D7B-48CC-BEC6-DA94941F39DC}"
EndProject
Project("{2150E333-8FDC-42A3-9474-1A3956D46DE8}") = "Web", "Web", "{03997797-E7F5-0643-168D-B8EA7178C2FE}"
EndProject
Project("{FAE04EC0-301F-11D3-BF4B-00C04F79EFBC}") = "Sustainacore.Api", "src\Web\Sustainacore.Api\Sustainacore.Api.csproj", "{67DC314C-6E04-4238-8FB6-BFB0E68DD302}"
EndProject
Project("{FAE04EC0-301F-11D3-BF4B-00C04F79EFBC}") = "Sustainacore.Web", "src\Web\Sustainacore.Web\Sustainacore.Web.csproj", "{2344D114-28DD-43CE-A6B1-EBA9FE818D9F}"
EndProject
Project("{2150E333-8FDC-42A3-9474-1A3956D46DE8}") = "tests", "tests", "{0AB3BF05-4346-4AA6-1389-037BE0695223}"
EndProject
Project("{FAE04EC0-301F-11D3-BF4B-00C04F79EFBC}") = "Sustainacore.IntegrationTests", "tests\Sustainacore.IntegrationTests\Sustainacore.IntegrationTests.csproj", "{8D112ACD-F284-4838-A760-79F50EF1DE38}"
EndProject
Project("{FAE04EC0-301F-11D3-BF4B-00C04F79EFBC}") = "Sustainacore.UITests", "tests\Sustainacore.UITests\Sustainacore.UITests.csproj", "{DEA43A12-7FD6-4941-909E-02B03B5A3D2E}"
EndProject
Project("{FAE04EC0-301F-11D3-BF4B-00C04F79EFBC}") = "Sustainacore.UnitTests", "tests\Sustainacore.UnitTests\Sustainacore.UnitTests.csproj", "{A639D425-C2B9-4799-883E-2468DB45DB84}"
EndProject
Global
	GlobalSection(SolutionConfigurationPlatforms) = preSolution
		Debug|Any CPU = Debug|Any CPU
		Debug|x64 = Debug|x64
		Debug|x86 = Debug|x86
		Release|Any CPU = Release|Any CPU
		Release|x64 = Release|x64
		Release|x86 = Release|x86
	EndGlobalSection
	GlobalSection(ProjectConfigurationPlatforms) = postSolution
		{D496E0C3-B428-4C69-BA36-E2A84E372F1D}.Debug|Any CPU.ActiveCfg = Debug|Any CPU
		{D496E0C3-B428-4C69-BA36-E2A84E372F1D}.Debug|Any CPU.Build.0 = Debug|Any CPU
		{D496E0C3-B428-4C69-BA36-E2A84E372F1D}.Debug|x64.ActiveCfg = Debug|Any CPU
		{D496E0C3-B428-4C69-BA36-E2A84E372F1D}.Debug|x64.Build.0 = Debug|Any CPU
		{D496E0C3-B428-4C69-BA36-E2A84E372F1D}.Debug|x86.ActiveCfg = Debug|Any CPU
		{D496E0C3-B428-4C69-BA36-E2A84E372F1D}.Debug|x86.Build.0 = Debug|Any CPU
		{D496E0C3-B428-4C69-BA36-E2A84E372F1D}.Release|Any CPU.ActiveCfg = Release|Any CPU
		{D496E0C3-B428-4C69-BA36-E2A84E372F1D}.Release|Any CPU.Build.0 = Release|Any CPU
		{D496E0C3-B428-4C69-BA36-E2A84E372F1D}.Release|x64.ActiveCfg = Release|Any CPU
		{D496E0C3-B428-4C69-BA36-E2A84E372F1D}.Release|x64.Build.0 = Release|Any CPU
		{D496E0C3-B428-4C69-BA36-E2A84E372F1D}.Release|x86.ActiveCfg = Release|Any CPU
		{D496E0C3-B428-4C69-BA36-E2A84E372F1D}.Release|x86.Build.0 = Release|Any CPU
		{1EEA690D-D035-47ED-AA25-B5DCE88D3748}.Debug|Any CPU.ActiveCfg = Debug|Any CPU
		{1EEA690D-D035-47ED-AA25-B5DCE88D3748}.Debug|Any CPU.Build.0 = Debug|Any CPU
		{1EEA690D-D035-47ED-AA25-B5DCE88D3748}.Debug|x64.ActiveCfg = Debug|Any CPU
		{1EEA690D-D035-47ED-AA25-B5DCE88D3748}.Debug|x64.Build.0 = Debug|Any CPU
		{1EEA690D-D035-47ED-AA25-B5DCE88D3748}.Debug|x86.ActiveCfg = Debug|Any CPU
		{1EEA690D-D035-47ED-AA25-B5DCE88D3748}.Debug|x86.Build.0 = Debug|Any CPU
		{1EEA690D-D035-47ED-AA25-B5DCE88D3748}.Release|Any CPU.ActiveCfg = Release|Any CPU
		{1EEA690D-D035-47ED-AA25-B5DCE88D3748}.Release|Any CPU.Build.0 = Release|Any CPU
		{1EEA690D-D035-47ED-AA25-B5DCE88D3748}.Release|x64.ActiveCfg = Release|Any CPU
		{1EEA690D-D035-47ED-AA25-B5DCE88D3748}.Release|x64.Build.0 = Release|Any CPU
		{1EEA690D-D035-47ED-AA25-B5DCE88D3748}.Release|x86.ActiveCfg = Release|Any CPU
		{1EEA690D-D035-47ED-AA25-B5DCE88D3748}.Release|x86.Build.0 = Release|Any CPU
		{6D577E02-FC18-49D5-AAEE-EE5F9F345B01}.Debug|Any CPU.ActiveCfg = Debug|Any CPU
		{6D577E02-FC18-49D5-AAEE-EE5F9F345B01}.Debug|Any CPU.Build.0 = Debug|Any CPU
		{6D577E02-FC18-49D5-AAEE-EE5F9F345B01}.Debug|x64.ActiveCfg = Debug|Any CPU
		{6D577E02-FC18-49D5-AAEE-EE5F9F345B01}.Debug|x64.Build.0 = Debug|Any CPU
		{6D577E02-FC18-49D5-AAEE-EE5F9F345B01}.Debug|x86.ActiveCfg = Debug|Any CPU
		{6D577E02-FC18-49D5-AAEE-EE5F9F345B01}.Debug|x86.Build.0 = Debug|Any CPU
		{6D577E02-FC18-49D5-AAEE-EE5F9F345B01}.Release|Any CPU.ActiveCfg = Release|Any CPU
		{6D577E02-FC18-49D5-AAEE-EE5F9F345B01}.Release|Any CPU.Build.0 = Release|Any CPU
		{6D577E02-FC18-49D5-AAEE-EE5F9F345B01}.Release|x64.ActiveCfg = Release|Any CPU
		{6D577E02-FC18-49D5-AAEE-EE5F9F345B01}.Release|x64.Build.0 = Release|Any CPU
		{6D577E02-FC18-49D5-AAEE-EE5F9F345B01}.Release|x86.ActiveCfg = Release|Any CPU
		{6D577E02-FC18-49D5-AAEE-EE5F9F345B01}.Release|x86.Build.0 = Release|Any CPU
		{07C22CBA-4ED2-482E-B09B-9029BB5CEB7E}.Debug|Any CPU.ActiveCfg = Debug|Any CPU
		{07C22CBA-4ED2-482E-B09B-9029BB5CEB7E}.Debug|Any CPU.Build.0 = Debug|Any CPU
		{07C22CBA-4ED2-482E-B09B-9029BB5CEB7E}.Debug|x64.ActiveCfg = Debug|Any CPU
		{07C22CBA-4ED2-482E-B09B-9029BB5CEB7E}.Debug|x64.Build.0 = Debug|Any CPU
		{07C22CBA-4ED2-482E-B09B-9029BB5CEB7E}.Debug|x86.ActiveCfg = Debug|Any CPU
		{07C22CBA-4ED2-482E-B09B-9029BB5CEB7E}.Debug|x86.Build.0 = Debug|Any CPU
		{07C22CBA-4ED2-482E-B09B-9029BB5CEB7E}.Release|Any CPU.ActiveCfg = Release|Any CPU
		{07C22CBA-4ED2-482E-B09B-9029BB5CEB7E}.Release|Any CPU.Build.0 = Release|Any CPU
		{07C22CBA-4ED2-482E-B09B-9029BB5CEB7E}.Release|x64.ActiveCfg = Release|Any CPU
		{07C22CBA-4ED2-482E-B09B-9029BB5CEB7E}.Release|x64.Build.0 = Release|Any CPU
		{07C22CBA-4ED2-482E-B09B-9029BB5CEB7E}.Release|x86.ActiveCfg = Release|Any CPU
		{07C22CBA-4ED2-482E-B09B-9029BB5CEB7E}.Release|x86.Build.0 = Release|Any CPU
		{0876E055-8E96-49B0-815D-E2C10C70E76A}.Debug|Any CPU.ActiveCfg = Debug|Any CPU
		{0876E055-8E96-49B0-815D-E2C10C70E76A}.Debug|Any CPU.Build.0 = Debug|Any CPU
		{0876E055-8E96-49B0-815D-E2C10C70E76A}.Debug|x64.ActiveCfg = Debug|Any CPU
		{0876E055-8E96-49B0-815D-E2C10C70E76A}.Debug|x64.Build.0 = Debug|Any CPU
		{0876E055-8E96-49B0-815D-E2C10C70E76A}.Debug|x86.ActiveCfg = Debug|Any CPU
		{0876E055-8E96-49B0-815D-E2C10C70E76A}.Debug|x86.Build.0 = Debug|Any CPU
		{0876E055-8E96-49B0-815D-E2C10C70E76A}.Release|Any CPU.ActiveCfg = Release|Any CPU
		{0876E055-8E96-49B0-815D-E2C10C70E76A}.Release|Any CPU.Build.0 = Release|Any CPU
		{0876E055-8E96-49B0-815D-E2C10C70E76A}.Release|x64.ActiveCfg = Release|Any CPU
		{0876E055-8E96-49B0-815D-E2C10C70E76A}.Release|x64.Build.0 = Release|Any CPU
		{0876E055-8E96-49B0-815D-E2C10C70E76A}.Release|x86.ActiveCfg = Release|Any CPU
		{0876E055-8E96-49B0-815D-E2C10C70E76A}.Release|x86.Build.0 = Release|Any CPU
		{252E067E-474D-4C27-AA32-B53DA711F15E}.Debug|Any CPU.ActiveCfg = Debug|Any CPU
		{252E067E-474D-4C27-AA32-B53DA711F15E}.Debug|Any CPU.Build.0 = Debug|Any CPU
		{252E067E-474D-4C27-AA32-B53DA711F15E}.Debug|x64.ActiveCfg = Debug|Any CPU
		{252E067E-474D-4C27-AA32-B53DA711F15E}.Debug|x64.Build.0 = Debug|Any CPU
		{252E067E-474D-4C27-AA32-B53DA711F15E}.Debug|x86.ActiveCfg = Debug|Any CPU
		{252E067E-474D-4C27-AA32-B53DA711F15E}.Debug|x86.Build.0 = Debug|Any CPU
		{252E067E-474D-4C27-AA32-B53DA711F15E}.Release|Any CPU.ActiveCfg = Release|Any CPU
		{252E067E-474D-4C27-AA32-B53DA711F15E}.Release|Any CPU.Build.0 = Release|Any CPU
		{252E067E-474D-4C27-AA32-B53DA711F15E}.Release|x64.ActiveCfg = Release|Any CPU
		{252E067E-474D-4C27-AA32-B53DA711F15E}.Release|x64.Build.0 = Release|Any CPU
		{252E067E-474D-4C27-AA32-B53DA711F15E}.Release|x86.ActiveCfg = Release|Any CPU
		{252E067E-474D-4C27-AA32-B53DA711F15E}.Release|x86.Build.0 = Release|Any CPU
		{494CBCDB-DF28-42CB-BC1F-114BA89BF991}.Debug|Any CPU.ActiveCfg = Debug|Any CPU
		{494CBCDB-DF28-42CB-BC1F-114BA89BF991}.Debug|Any CPU.Build.0 = Debug|Any CPU
		{494CBCDB-DF28-42CB-BC1F-114BA89BF991}.Debug|x64.ActiveCfg = Debug|Any CPU
		{494CBCDB-DF28-42CB-BC1F-114BA89BF991}.Debug|x64.Build.0 = Debug|Any CPU
		{494CBCDB-DF28-42CB-BC1F-114BA89BF991}.Debug|x86.ActiveCfg = Debug|Any CPU
		{494CBCDB-DF28-42CB-BC1F-114BA89BF991}.Debug|x86.Build.0 = Debug|Any CPU
		{494CBCDB-DF28-42CB-BC1F-114BA89BF991}.Release|Any CPU.ActiveCfg = Release|Any CPU
		{494CBCDB-DF28-42CB-BC1F-114BA89BF991}.Release|Any CPU.Build.0 = Release|Any CPU
		{494CBCDB-DF28-42CB-BC1F-114BA89BF991}.Release|x64.ActiveCfg = Release|Any CPU
		{494CBCDB-DF28-42CB-BC1F-114BA89BF991}.Release|x64.Build.0 = Release|Any CPU
		{494CBCDB-DF28-42CB-BC1F-114BA89BF991}.Release|x86.ActiveCfg = Release|Any CPU
		{494CBCDB-DF28-42CB-BC1F-114BA89BF991}.Release|x86.Build.0 = Release|Any CPU
		{509197AD-33E7-482E-8991-56F3C204D1BF}.Debug|Any CPU.ActiveCfg = Debug|Any CPU
		{509197AD-33E7-482E-8991-56F3C204D1BF}.Debug|Any CPU.Build.0 = Debug|Any CPU
		{509197AD-33E7-482E-8991-56F3C204D1BF}.Debug|x64.ActiveCfg = Debug|Any CPU
		{509197AD-33E7-482E-8991-56F3C204D1BF}.Debug|x64.Build.0 = Debug|Any CPU
		{509197AD-33E7-482E-8991-56F3C204D1BF}.Debug|x86.ActiveCfg = Debug|Any CPU
		{509197AD-33E7-482E-8991-56F3C204D1BF}.Debug|x86.Build.0 = Debug|Any CPU
		{509197AD-33E7-482E-8991-56F3C204D1BF}.Release|Any CPU.ActiveCfg = Release|Any CPU
		{509197AD-33E7-482E-8991-56F3C204D1BF}.Release|Any CPU.Build.0 = Release|Any CPU
		{509197AD-33E7-482E-8991-56F3C204D1BF}.Release|x64.ActiveCfg = Release|Any CPU
		{509197AD-33E7-482E-8991-56F3C204D1BF}.Release|x64.Build.0 = Release|Any CPU
		{509197AD-33E7-482E-8991-56F3C204D1BF}.Release|x86.ActiveCfg = Release|Any CPU
		{509197AD-33E7-482E-8991-56F3C204D1BF}.Release|x86.Build.0 = Release|Any CPU
		{6DA3F06B-D1FE-4A02-87D1-CA17CB8D2059}.Debug|Any CPU.ActiveCfg = Debug|Any CPU
		{6DA3F06B-D1FE-4A02-87D1-CA17CB8D2059}.Debug|Any CPU.Build.0 = Debug|Any CPU
		{6DA3F06B-D1FE-4A02-87D1-CA17CB8D2059}.Debug|x64.ActiveCfg = Debug|Any CPU
		{6DA3F06B-D1FE-4A02-87D1-CA17CB8D2059}.Debug|x64.Build.0 = Debug|Any CPU
		{6DA3F06B-D1FE-4A02-87D1-CA17CB8D2059}.Debug|x86.ActiveCfg = Debug|Any CPU
		{6DA3F06B-D1FE-4A02-87D1-CA17CB8D2059}.Debug|x86.Build.0 = Debug|Any CPU
		{6DA3F06B-D1FE-4A02-87D1-CA17CB8D2059}.Release|Any CPU.ActiveCfg = Release|Any CPU
		{6DA3F06B-D1FE-4A02-87D1-CA17CB8D2059}.Release|Any CPU.Build.0 = Release|Any CPU
		{6DA3F06B-D1FE-4A02-87D1-CA17CB8D2059}.Release|x64.ActiveCfg = Release|Any CPU
		{6DA3F06B-D1FE-4A02-87D1-CA17CB8D2059}.Release|x64.Build.0 = Release|Any CPU
		{6DA3F06B-D1FE-4A02-87D1-CA17CB8D2059}.Release|x86.ActiveCfg = Release|Any CPU
		{6DA3F06B-D1FE-4A02-87D1-CA17CB8D2059}.Release|x86.Build.0 = Release|Any CPU
		{0F896FF1-2D7B-48CC-BEC6-DA94941F39DC}.Debug|Any CPU.ActiveCfg = Debug|Any CPU
		{0F896FF1-2D7B-48CC-BEC6-DA94941F39DC}.Debug|Any CPU.Build.0 = Debug|Any CPU
		{0F896FF1-2D7B-48CC-BEC6-DA94941F39DC}.Debug|x64.ActiveCfg = Debug|Any CPU
		{0F896FF1-2D7B-48CC-BEC6-DA94941F39DC}.Debug|x64.Build.0 = Debug|Any CPU
		{0F896FF1-2D7B-48CC-BEC6-DA94941F39DC}.Debug|x86.ActiveCfg = Debug|Any CPU
		{0F896FF1-2D7B-48CC-BEC6-DA94941F39DC}.Debug|x86.Build.0 = Debug|Any CPU
		{0F896FF1-2D7B-48CC-BEC6-DA94941F39DC}.Release|Any CPU.ActiveCfg = Release|Any CPU
		{0F896FF1-2D7B-48CC-BEC6-DA94941F39DC}.Release|Any CPU.Build.0 = Release|Any CPU
		{0F896FF1-2D7B-48CC-BEC6-DA94941F39DC}.Release|x64.ActiveCfg = Release|Any CPU
		{0F896FF1-2D7B-48CC-BEC6-DA94941F39DC}.Release|x64.Build.0 = Release|Any CPU
		{0F896FF1-2D7B-48CC-BEC6-DA94941F39DC}.Release|x86.ActiveCfg = Release|Any CPU
		{0F896FF1-2D7B-48CC-BEC6-DA94941F39DC}.Release|x86.Build.0 = Release|Any CPU
		{67DC314C-6E04-4238-8FB6-BFB0E68DD302}.Debug|Any CPU.ActiveCfg = Debug|Any CPU
		{67DC314C-6E04-4238-8FB6-BFB0E68DD302}.Debug|Any CPU.Build.0 = Debug|Any CPU
		{67DC314C-6E04-4238-8FB6-BFB0E68DD302}.Debug|x64.ActiveCfg = Debug|Any CPU
		{67DC314C-6E04-4238-8FB6-BFB0E68DD302}.Debug|x64.Build.0 = Debug|Any CPU
		{67DC314C-6E04-4238-8FB6-BFB0E68DD302}.Debug|x86.ActiveCfg = Debug|Any CPU
		{67DC314C-6E04-4238-8FB6-BFB0E68DD302}.Debug|x86.Build.0 = Debug|Any CPU
		{67DC314C-6E04-4238-8FB6-BFB0E68DD302}.Release|Any CPU.ActiveCfg = Release|Any CPU
		{67DC314C-6E04-4238-8FB6-BFB0E68DD302}.Release|Any CPU.Build.0 = Release|Any CPU
		{67DC314C-6E04-4238-8FB6-BFB0E68DD302}.Release|x64.ActiveCfg = Release|Any CPU
		{67DC314C-6E04-4238-8FB6-BFB0E68DD302}.Release|x64.Build.0 = Release|Any CPU
		{67DC314C-6E04-4238-8FB6-BFB0E68DD302}.Release|x86.ActiveCfg = Release|Any CPU
		{67DC314C-6E04-4238-8FB6-BFB0E68DD302}.Release|x86.Build.0 = Release|Any CPU
		{2344D114-28DD-43CE-A6B1-EBA9FE818D9F}.Debug|Any CPU.ActiveCfg = Debug|Any CPU
		{2344D114-28DD-43CE-A6B1-EBA9FE818D9F}.Debug|Any CPU.Build.0 = Debug|Any CPU
		{2344D114-28DD-43CE-A6B1-EBA9FE818D9F}.Debug|x64.ActiveCfg = Debug|Any CPU
		{2344D114-28DD-43CE-A6B1-EBA9FE818D9F}.Debug|x64.Build.0 = Debug|Any CPU
		{2344D114-28DD-43CE-A6B1-EBA9FE818D9F}.Debug|x86.ActiveCfg = Debug|Any CPU
		{2344D114-28DD-43CE-A6B1-EBA9FE818D9F}.Debug|x86.Build.0 = Debug|Any CPU
		{2344D114-28DD-43CE-A6B1-EBA9FE818D9F}.Release|Any CPU.ActiveCfg = Release|Any CPU
		{2344D114-28DD-43CE-A6B1-EBA9FE818D9F}.Release|Any CPU.Build.0 = Release|Any CPU
		{2344D114-28DD-43CE-A6B1-EBA9FE818D9F}.Release|x64.ActiveCfg = Release|Any CPU
		{2344D114-28DD-43CE-A6B1-EBA9FE818D9F}.Release|x64.Build.0 = Release|Any CPU
		{2344D114-28DD-43CE-A6B1-EBA9FE818D9F}.Release|x86.ActiveCfg = Release|Any CPU
		{2344D114-28DD-43CE-A6B1-EBA9FE818D9F}.Release|x86.Build.0 = Release|Any CPU
		{8D112ACD-F284-4838-A760-79F50EF1DE38}.Debug|Any CPU.ActiveCfg = Debug|Any CPU
		{8D112ACD-F284-4838-A760-79F50EF1DE38}.Debug|Any CPU.Build.0 = Debug|Any CPU
		{8D112ACD-F284-4838-A760-79F50EF1DE38}.Debug|x64.ActiveCfg = Debug|Any CPU
		{8D112ACD-F284-4838-A760-79F50EF1DE38}.Debug|x64.Build.0 = Debug|Any CPU
		{8D112ACD-F284-4838-A760-79F50EF1DE38}.Debug|x86.ActiveCfg = Debug|Any CPU
		{8D112ACD-F284-4838-A760-79F50EF1DE38}.Debug|x86.Build.0 = Debug|Any CPU
		{8D112ACD-F284-4838-A760-79F50EF1DE38}.Release|Any CPU.ActiveCfg = Release|Any CPU
		{8D112ACD-F284-4838-A760-79F50EF1DE38}.Release|Any CPU.Build.0 = Release|Any CPU
		{8D112ACD-F284-4838-A760-79F50EF1DE38}.Release|x64.ActiveCfg = Release|Any CPU
		{8D112ACD-F284-4838-A760-79F50EF1DE38}.Release|x64.Build.0 = Release|Any CPU
		{8D112ACD-F284-4838-A760-79F50EF1DE38}.Release|x86.ActiveCfg = Release|Any CPU
		{8D112ACD-F284-4838-A760-79F50EF1DE38}.Release|x86.Build.0 = Release|Any CPU
		{DEA43A12-7FD6-4941-909E-02B03B5A3D2E}.Debug|Any CPU.ActiveCfg = Debug|Any CPU
		{DEA43A12-7FD6-4941-909E-02B03B5A3D2E}.Debug|Any CPU.Build.0 = Debug|Any CPU
		{DEA43A12-7FD6-4941-909E-02B03B5A3D2E}.Debug|x64.ActiveCfg = Debug|Any CPU
		{DEA43A12-7FD6-4941-909E-02B03B5A3D2E}.Debug|x64.Build.0 = Debug|Any CPU
		{DEA43A12-7FD6-4941-909E-02B03B5A3D2E}.Debug|x86.ActiveCfg = Debug|Any CPU
		{DEA43A12-7FD6-4941-909E-02B03B5A3D2E}.Debug|x86.Build.0 = Debug|Any CPU
		{DEA43A12-7FD6-4941-909E-02B03B5A3D2E}.Release|Any CPU.ActiveCfg = Release|Any CPU
		{DEA43A12-7FD6-4941-909E-02B03B5A3D2E}.Release|Any CPU.Build.0 = Release|Any CPU
		{DEA43A12-7FD6-4941-909E-02B03B5A3D2E}.Release|x64.ActiveCfg = Release|Any CPU
		{DEA43A12-7FD6-4941-909E-02B03B5A3D2E}.Release|x64.Build.0 = Release|Any CPU
		{DEA43A12-7FD6-4941-909E-02B03B5A3D2E}.Release|x86.ActiveCfg = Release|Any CPU
		{DEA43A12-7FD6-4941-909E-02B03B5A3D2E}.Release|x86.Build.0 = Release|Any CPU
		{A639D425-C2B9-4799-883E-2468DB45DB84}.Debug|Any CPU.ActiveCfg = Debug|Any CPU
		{A639D425-C2B9-4799-883E-2468DB45DB84}.Debug|Any CPU.Build.0 = Debug|Any CPU
		{A639D425-C2B9-4799-883E-2468DB45DB84}.Debug|x64.ActiveCfg = Debug|Any CPU
		{A639D425-C2B9-4799-883E-2468DB45DB84}.Debug|x64.Build.0 = Debug|Any CPU
		{A639D425-C2B9-4799-883E-2468DB45DB84}.Debug|x86.ActiveCfg = Debug|Any CPU
		{A639D425-C2B9-4799-883E-2468DB45DB84}.Debug|x86.Build.0 = Debug|Any CPU
		{A639D425-C2B9-4799-883E-2468DB45DB84}.Release|Any CPU.ActiveCfg = Release|Any CPU
		{A639D425-C2B9-4799-883E-2468DB45DB84}.Release|Any CPU.Build.0 = Release|Any CPU
		{A639D425-C2B9-4799-883E-2468DB45DB84}.Release|x64.ActiveCfg = Release|Any CPU
		{A639D425-C2B9-4799-883E-2468DB45DB84}.Release|x64.Build.0 = Release|Any CPU
		{A639D425-C2B9-4799-883E-2468DB45DB84}.Release|x86.ActiveCfg = Release|Any CPU
		{A639D425-C2B9-4799-883E-2468DB45DB84}.Release|x86.Build.0 = Release|Any CPU
	EndGlobalSection
	GlobalSection(SolutionProperties) = preSolution
		HideSolutionNode = FALSE
	EndGlobalSection
	GlobalSection(NestedProjects) = preSolution
		{5F6E8ECF-6C7C-84BC-3852-AC68F2C425F8} = {827E0CD3-B72D-47B6-A68D-7590B98EB39B}
		{D496E0C3-B428-4C69-BA36-E2A84E372F1D} = {5F6E8ECF-6C7C-84BC-3852-AC68F2C425F8}
		{FFBE31B8-50B9-B415-22BC-2F92C97CADA3} = {827E0CD3-B72D-47B6-A68D-7590B98EB39B}
		{1EEA690D-D035-47ED-AA25-B5DCE88D3748} = {FFBE31B8-50B9-B415-22BC-2F92C97CADA3}
		{8D626EA8-CB54-BC41-363A-217881BEBA6E} = {827E0CD3-B72D-47B6-A68D-7590B98EB39B}
		{6D577E02-FC18-49D5-AAEE-EE5F9F345B01} = {8D626EA8-CB54-BC41-363A-217881BEBA6E}
		{07C22CBA-4ED2-482E-B09B-9029BB5CEB7E} = {8D626EA8-CB54-BC41-363A-217881BEBA6E}
		{0876E055-8E96-49B0-815D-E2C10C70E76A} = {8D626EA8-CB54-BC41-363A-217881BEBA6E}
		{15879CB8-7A3F-14CE-5390-BDD4BAA5791B} = {827E0CD3-B72D-47B6-A68D-7590B98EB39B}
		{252E067E-474D-4C27-AA32-B53DA711F15E} = {15879CB8-7A3F-14CE-5390-BDD4BAA5791B}
		{494CBCDB-DF28-42CB-BC1F-114BA89BF991} = {15879CB8-7A3F-14CE-5390-BDD4BAA5791B}
		{509197AD-33E7-482E-8991-56F3C204D1BF} = {15879CB8-7A3F-14CE-5390-BDD4BAA5791B}
		{3339D402-2AB5-41A5-71BE-05E6399CF675} = {827E0CD3-B72D-47B6-A68D-7590B98EB39B}
		{6DA3F06B-D1FE-4A02-87D1-CA17CB8D2059} = {3339D402-2AB5-41A5-71BE-05E6399CF675}
		{DCB6FCB8-FF92-AC57-0842-1F72A354D6B1} = {827E0CD3-B72D-47B6-A68D-7590B98EB39B}
		{0F896FF1-2D7B-48CC-BEC6-DA94941F39DC} = {DCB6FCB8-FF92-AC57-0842-1F72A354D6B1}
		{03997797-E7F5-0643-168D-B8EA7178C2FE} = {827E0CD3-B72D-47B6-A68D-7590B98EB39B}
		{67DC314C-6E04-4238-8FB6-BFB0E68DD302} = {03997797-E7F5-0643-168D-B8EA7178C2FE}
		{2344D114-28DD-43CE-A6B1-EBA9FE818D9F} = {03997797-E7F5-0643-168D-B8EA7178C2FE}
		{8D112ACD-F284-4838-A760-79F50EF1DE38} = {0AB3BF05-4346-4AA6-1389-037BE0695223}
		{DEA43A12-7FD6-4941-909E-02B03B5A3D2E} = {0AB3BF05-4346-4AA6-1389-037BE0695223}
		{A639D425-C2B9-4799-883E-2468DB45DB84} = {0AB3BF05-4346-4AA6-1389-037BE0695223}
	EndGlobalSection
	GlobalSection(ExtensibilityGlobals) = postSolution
		SolutionGuid = {307DD00A-F3C0-49D4-A365-5B06BCEE7D9C}
	EndGlobalSection
EndGlobal
