
Microsoft Visual Studio Solution File, Format Version 12.00
# Visual Studio Version 17
VisualStudioVersion = 17.0.31903.59
MinimumVisualStudioVersion = 10.0.40219.1
Project("{2150E333-8FDC-42A3-9474-1A3956D46DE8}") = "src", "src", "{827E0CD3-B72D-47B6-A68D-7590B98EB39B}"
EndProject
Project("{2150E333-8FDC-42A3-9474-1A3956D46DE8}") = "Core", "Core", "{8D626EA8-CB54-BC41-363A-217881BEBA6E}"
EndProject
Project("{FAE04EC0-301F-11D3-BF4B-00C04F79EFBC}") = "Sustainacore.SharedKernel", "src\Core\Sustainacore.SharedKernel\Sustainacore.SharedKernel.csproj", "{9F40CF18-4F91-4EDF-AFD9-5D2EF2A644AF}"
EndProject
Project("{FAE04EC0-301F-11D3-BF4B-00C04F79EFBC}") = "Sustainacore.Domain", "src\Core\Sustainacore.Domain\Sustainacore.Domain.csproj", "{85607BFB-F135-4F3C-AEAF-7884A854C39F}"
EndProject
Project("{2150E333-8FDC-42A3-9474-1A3956D46DE8}") = "Contracts", "Contracts", "{FFBE31B8-50B9-B415-22BC-2F92C97CADA3}"
EndProject
Project("{FAE04EC0-301F-11D3-BF4B-00C04F79EFBC}") = "Sustainacore.Contracts", "src\Contracts\Sustainacore.Contracts\Sustainacore.Contracts.csproj", "{D1228256-3E3E-4E32-8AC7-FF72492642B3}"
EndProject
Project("{2150E333-8FDC-42A3-9474-1A3956D46DE8}") = "Infra", "Infra", "{15879CB8-7A3F-14CE-5390-BDD4BAA5791B}"
EndProject
Project("{FAE04EC0-301F-11D3-BF4B-00C04F79EFBC}") = "Sustainacore.Infrastructure", "src\Infra\Sustainacore.Infrastructure\Sustainacore.Infrastructure.csproj", "{6CE866D7-4D0B-4BFC-93E5-E5917028B227}"
EndProject
Project("{FAE04EC0-301F-11D3-BF4B-00C04F79EFBC}") = "Sustainacore.Firebase", "src\Infra\Sustainacore.Firebase\Sustainacore.Firebase.csproj", "{54C618D7-7E05-444A-BEEA-90F6F63749EC}"
EndProject
Project("{FAE04EC0-301F-11D3-BF4B-00C04F79EFBC}") = "Sustainacore.Payments", "src\Infra\Sustainacore.Payments\Sustainacore.Payments.csproj", "{510B1DAB-2182-4F73-9174-D19B624F84FE}"
EndProject
Project("{2150E333-8FDC-42A3-9474-1A3956D46DE8}") = "Observability", "Observability", "{3339D402-2AB5-41A5-71BE-05E6399CF675}"
EndProject
Project("{FAE04EC0-301F-11D3-BF4B-00C04F79EFBC}") = "Sustainacore.Observability", "src\Observability\Sustainacore.Observability\Sustainacore.Observability.csproj", "{2B0A16B9-199B-4949-AABA-FBB460E45D54}"
EndProject
Project("{2150E333-8FDC-42A3-9474-1A3956D46DE8}") = "Tools", "Tools", "{DCB6FCB8-FF92-AC57-0842-1F72A354D6B1}"
EndProject
Project("{FAE04EC0-301F-11D3-BF4B-00C04F79EFBC}") = "Sustainacore.Cli", "src\Tools\Sustainacore.Cli\Sustainacore.Cli.csproj", "{A0AD94F4-181E-4542-A9BF-E2876CC22932}"
EndProject
Project("{2150E333-8FDC-42A3-9474-1A3956D46DE8}") = "Web", "Web", "{03997797-E7F5-0643-168D-B8EA7178C2FE}"
EndProject
Project("{FAE04EC0-301F-11D3-BF4B-00C04F79EFBC}") = "Sustainacore.Api", "src\Web\Sustainacore.Api\Sustainacore.Api.csproj", "{19A8093D-99AC-449A-869D-FA73C8596B5B}"
EndProject
Project("{FAE04EC0-301F-11D3-BF4B-00C04F79EFBC}") = "Sustainacore.Web", "src\Web\Sustainacore.Web\Sustainacore.Web.csproj", "{EFEBA4A0-348F-4709-B2A7-A7D2DB13FB5F}"
EndProject
Project("{2150E333-8FDC-42A3-9474-1A3956D46DE8}") = "Mobile", "Mobile", "{5F6E8ECF-6C7C-84BC-3852-AC68F2C425F8}"
EndProject
Project("{FAE04EC0-301F-11D3-BF4B-00C04F79EFBC}") = "Sustainacore.Mobile", "src\Mobile\Sustainacore.Mobile\Sustainacore.Mobile.csproj", "{828CD97C-654C-44C0-A6A2-D0B4F46B6CD8}"
EndProject
Global
	GlobalSection(SolutionConfigurationPlatforms) = preSolution
		Debug|Any CPU = Debug|Any CPU
		Debug|x64 = Debug|x64
		Debug|x86 = Debug|x86
		Release|Any CPU = Release|Any CPU
		Release|x64 = Release|x64
		Release|x86 = Release|x86
	EndGlobalSection
	GlobalSection(ProjectConfigurationPlatforms) = postSolution
		{9F40CF18-4F91-4EDF-AFD9-5D2EF2A644AF}.Debug|Any CPU.ActiveCfg = Debug|Any CPU
		{9F40CF18-4F91-4EDF-AFD9-5D2EF2A644AF}.Debug|Any CPU.Build.0 = Debug|Any CPU
		{9F40CF18-4F91-4EDF-AFD9-5D2EF2A644AF}.Debug|x64.ActiveCfg = Debug|Any CPU
		{9F40CF18-4F91-4EDF-AFD9-5D2EF2A644AF}.Debug|x64.Build.0 = Debug|Any CPU
		{9F40CF18-4F91-4EDF-AFD9-5D2EF2A644AF}.Debug|x86.ActiveCfg = Debug|Any CPU
		{9F40CF18-4F91-4EDF-AFD9-5D2EF2A644AF}.Debug|x86.Build.0 = Debug|Any CPU
		{9F40CF18-4F91-4EDF-AFD9-5D2EF2A644AF}.Release|Any CPU.ActiveCfg = Release|Any CPU
		{9F40CF18-4F91-4EDF-AFD9-5D2EF2A644AF}.Release|Any CPU.Build.0 = Release|Any CPU
		{9F40CF18-4F91-4EDF-AFD9-5D2EF2A644AF}.Release|x64.ActiveCfg = Release|Any CPU
		{9F40CF18-4F91-4EDF-AFD9-5D2EF2A644AF}.Release|x64.Build.0 = Release|Any CPU
		{9F40CF18-4F91-4EDF-AFD9-5D2EF2A644AF}.Release|x86.ActiveCfg = Release|Any CPU
		{9F40CF18-4F91-4EDF-AFD9-5D2EF2A644AF}.Release|x86.Build.0 = Release|Any CPU
		{85607BFB-F135-4F3C-AEAF-7884A854C39F}.Debug|Any CPU.ActiveCfg = Debug|Any CPU
		{85607BFB-F135-4F3C-AEAF-7884A854C39F}.Debug|Any CPU.Build.0 = Debug|Any CPU
		{85607BFB-F135-4F3C-AEAF-7884A854C39F}.Debug|x64.ActiveCfg = Debug|Any CPU
		{85607BFB-F135-4F3C-AEAF-7884A854C39F}.Debug|x64.Build.0 = Debug|Any CPU
		{85607BFB-F135-4F3C-AEAF-7884A854C39F}.Debug|x86.ActiveCfg = Debug|Any CPU
		{85607BFB-F135-4F3C-AEAF-7884A854C39F}.Debug|x86.Build.0 = Debug|Any CPU
		{85607BFB-F135-4F3C-AEAF-7884A854C39F}.Release|Any CPU.ActiveCfg = Release|Any CPU
		{85607BFB-F135-4F3C-AEAF-7884A854C39F}.Release|Any CPU.Build.0 = Release|Any CPU
		{85607BFB-F135-4F3C-AEAF-7884A854C39F}.Release|x64.ActiveCfg = Release|Any CPU
		{85607BFB-F135-4F3C-AEAF-7884A854C39F}.Release|x64.Build.0 = Release|Any CPU
		{85607BFB-F135-4F3C-AEAF-7884A854C39F}.Release|x86.ActiveCfg = Release|Any CPU
		{85607BFB-F135-4F3C-AEAF-7884A854C39F}.Release|x86.Build.0 = Release|Any CPU
		{D1228256-3E3E-4E32-8AC7-FF72492642B3}.Debug|Any CPU.ActiveCfg = Debug|Any CPU
		{D1228256-3E3E-4E32-8AC7-FF72492642B3}.Debug|Any CPU.Build.0 = Debug|Any CPU
		{D1228256-3E3E-4E32-8AC7-FF72492642B3}.Debug|x64.ActiveCfg = Debug|Any CPU
		{D1228256-3E3E-4E32-8AC7-FF72492642B3}.Debug|x64.Build.0 = Debug|Any CPU
		{D1228256-3E3E-4E32-8AC7-FF72492642B3}.Debug|x86.ActiveCfg = Debug|Any CPU
		{D1228256-3E3E-4E32-8AC7-FF72492642B3}.Debug|x86.Build.0 = Debug|Any CPU
		{D1228256-3E3E-4E32-8AC7-FF72492642B3}.Release|Any CPU.ActiveCfg = Release|Any CPU
		{D1228256-3E3E-4E32-8AC7-FF72492642B3}.Release|Any CPU.Build.0 = Release|Any CPU
		{D1228256-3E3E-4E32-8AC7-FF72492642B3}.Release|x64.ActiveCfg = Release|Any CPU
		{D1228256-3E3E-4E32-8AC7-FF72492642B3}.Release|x64.Build.0 = Release|Any CPU
		{D1228256-3E3E-4E32-8AC7-FF72492642B3}.Release|x86.ActiveCfg = Release|Any CPU
		{D1228256-3E3E-4E32-8AC7-FF72492642B3}.Release|x86.Build.0 = Release|Any CPU
		{6CE866D7-4D0B-4BFC-93E5-E5917028B227}.Debug|Any CPU.ActiveCfg = Debug|Any CPU
		{6CE866D7-4D0B-4BFC-93E5-E5917028B227}.Debug|Any CPU.Build.0 = Debug|Any CPU
		{6CE866D7-4D0B-4BFC-93E5-E5917028B227}.Debug|x64.ActiveCfg = Debug|Any CPU
		{6CE866D7-4D0B-4BFC-93E5-E5917028B227}.Debug|x64.Build.0 = Debug|Any CPU
		{6CE866D7-4D0B-4BFC-93E5-E5917028B227}.Debug|x86.ActiveCfg = Debug|Any CPU
		{6CE866D7-4D0B-4BFC-93E5-E5917028B227}.Debug|x86.Build.0 = Debug|Any CPU
		{6CE866D7-4D0B-4BFC-93E5-E5917028B227}.Release|Any CPU.ActiveCfg = Release|Any CPU
		{6CE866D7-4D0B-4BFC-93E5-E5917028B227}.Release|Any CPU.Build.0 = Release|Any CPU
		{6CE866D7-4D0B-4BFC-93E5-E5917028B227}.Release|x64.ActiveCfg = Release|Any CPU
		{6CE866D7-4D0B-4BFC-93E5-E5917028B227}.Release|x64.Build.0 = Release|Any CPU
		{6CE866D7-4D0B-4BFC-93E5-E5917028B227}.Release|x86.ActiveCfg = Release|Any CPU
		{6CE866D7-4D0B-4BFC-93E5-E5917028B227}.Release|x86.Build.0 = Release|Any CPU
		{54C618D7-7E05-444A-BEEA-90F6F63749EC}.Debug|Any CPU.ActiveCfg = Debug|Any CPU
		{54C618D7-7E05-444A-BEEA-90F6F63749EC}.Debug|Any CPU.Build.0 = Debug|Any CPU
		{54C618D7-7E05-444A-BEEA-90F6F63749EC}.Debug|x64.ActiveCfg = Debug|Any CPU
		{54C618D7-7E05-444A-BEEA-90F6F63749EC}.Debug|x64.Build.0 = Debug|Any CPU
		{54C618D7-7E05-444A-BEEA-90F6F63749EC}.Debug|x86.ActiveCfg = Debug|Any CPU
		{54C618D7-7E05-444A-BEEA-90F6F63749EC}.Debug|x86.Build.0 = Debug|Any CPU
		{54C618D7-7E05-444A-BEEA-90F6F63749EC}.Release|Any CPU.ActiveCfg = Release|Any CPU
		{54C618D7-7E05-444A-BEEA-90F6F63749EC}.Release|Any CPU.Build.0 = Release|Any CPU
		{54C618D7-7E05-444A-BEEA-90F6F63749EC}.Release|x64.ActiveCfg = Release|Any CPU
		{54C618D7-7E05-444A-BEEA-90F6F63749EC}.Release|x64.Build.0 = Release|Any CPU
		{54C618D7-7E05-444A-BEEA-90F6F63749EC}.Release|x86.ActiveCfg = Release|Any CPU
		{54C618D7-7E05-444A-BEEA-90F6F63749EC}.Release|x86.Build.0 = Release|Any CPU
		{510B1DAB-2182-4F73-9174-D19B624F84FE}.Debug|Any CPU.ActiveCfg = Debug|Any CPU
		{510B1DAB-2182-4F73-9174-D19B624F84FE}.Debug|Any CPU.Build.0 = Debug|Any CPU
		{510B1DAB-2182-4F73-9174-D19B624F84FE}.Debug|x64.ActiveCfg = Debug|Any CPU
		{510B1DAB-2182-4F73-9174-D19B624F84FE}.Debug|x64.Build.0 = Debug|Any CPU
		{510B1DAB-2182-4F73-9174-D19B624F84FE}.Debug|x86.ActiveCfg = Debug|Any CPU
		{510B1DAB-2182-4F73-9174-D19B624F84FE}.Debug|x86.Build.0 = Debug|Any CPU
		{510B1DAB-2182-4F73-9174-D19B624F84FE}.Release|Any CPU.ActiveCfg = Release|Any CPU
		{510B1DAB-2182-4F73-9174-D19B624F84FE}.Release|Any CPU.Build.0 = Release|Any CPU
		{510B1DAB-2182-4F73-9174-D19B624F84FE}.Release|x64.ActiveCfg = Release|Any CPU
		{510B1DAB-2182-4F73-9174-D19B624F84FE}.Release|x64.Build.0 = Release|Any CPU
		{510B1DAB-2182-4F73-9174-D19B624F84FE}.Release|x86.ActiveCfg = Release|Any CPU
		{510B1DAB-2182-4F73-9174-D19B624F84FE}.Release|x86.Build.0 = Release|Any CPU
		{2B0A16B9-199B-4949-AABA-FBB460E45D54}.Debug|Any CPU.ActiveCfg = Debug|Any CPU
		{2B0A16B9-199B-4949-AABA-FBB460E45D54}.Debug|Any CPU.Build.0 = Debug|Any CPU
		{2B0A16B9-199B-4949-AABA-FBB460E45D54}.Debug|x64.ActiveCfg = Debug|Any CPU
		{2B0A16B9-199B-4949-AABA-FBB460E45D54}.Debug|x64.Build.0 = Debug|Any CPU
		{2B0A16B9-199B-4949-AABA-FBB460E45D54}.Debug|x86.ActiveCfg = Debug|Any CPU
		{2B0A16B9-199B-4949-AABA-FBB460E45D54}.Debug|x86.Build.0 = Debug|Any CPU
		{2B0A16B9-199B-4949-AABA-FBB460E45D54}.Release|Any CPU.ActiveCfg = Release|Any CPU
		{2B0A16B9-199B-4949-AABA-FBB460E45D54}.Release|Any CPU.Build.0 = Release|Any CPU
		{2B0A16B9-199B-4949-AABA-FBB460E45D54}.Release|x64.ActiveCfg = Release|Any CPU
		{2B0A16B9-199B-4949-AABA-FBB460E45D54}.Release|x64.Build.0 = Release|Any CPU
		{2B0A16B9-199B-4949-AABA-FBB460E45D54}.Release|x86.ActiveCfg = Release|Any CPU
		{2B0A16B9-199B-4949-AABA-FBB460E45D54}.Release|x86.Build.0 = Release|Any CPU
		{A0AD94F4-181E-4542-A9BF-E2876CC22932}.Debug|Any CPU.ActiveCfg = Debug|Any CPU
		{A0AD94F4-181E-4542-A9BF-E2876CC22932}.Debug|Any CPU.Build.0 = Debug|Any CPU
		{A0AD94F4-181E-4542-A9BF-E2876CC22932}.Debug|x64.ActiveCfg = Debug|Any CPU
		{A0AD94F4-181E-4542-A9BF-E2876CC22932}.Debug|x64.Build.0 = Debug|Any CPU
		{A0AD94F4-181E-4542-A9BF-E2876CC22932}.Debug|x86.ActiveCfg = Debug|Any CPU
		{A0AD94F4-181E-4542-A9BF-E2876CC22932}.Debug|x86.Build.0 = Debug|Any CPU
		{A0AD94F4-181E-4542-A9BF-E2876CC22932}.Release|Any CPU.ActiveCfg = Release|Any CPU
		{A0AD94F4-181E-4542-A9BF-E2876CC22932}.Release|Any CPU.Build.0 = Release|Any CPU
		{A0AD94F4-181E-4542-A9BF-E2876CC22932}.Release|x64.ActiveCfg = Release|Any CPU
		{A0AD94F4-181E-4542-A9BF-E2876CC22932}.Release|x64.Build.0 = Release|Any CPU
		{A0AD94F4-181E-4542-A9BF-E2876CC22932}.Release|x86.ActiveCfg = Release|Any CPU
		{A0AD94F4-181E-4542-A9BF-E2876CC22932}.Release|x86.Build.0 = Release|Any CPU
		{19A8093D-99AC-449A-869D-FA73C8596B5B}.Debug|Any CPU.ActiveCfg = Debug|Any CPU
		{19A8093D-99AC-449A-869D-FA73C8596B5B}.Debug|Any CPU.Build.0 = Debug|Any CPU
		{19A8093D-99AC-449A-869D-FA73C8596B5B}.Debug|x64.ActiveCfg = Debug|Any CPU
		{19A8093D-99AC-449A-869D-FA73C8596B5B}.Debug|x64.Build.0 = Debug|Any CPU
		{19A8093D-99AC-449A-869D-FA73C8596B5B}.Debug|x86.ActiveCfg = Debug|Any CPU
		{19A8093D-99AC-449A-869D-FA73C8596B5B}.Debug|x86.Build.0 = Debug|Any CPU
		{19A8093D-99AC-449A-869D-FA73C8596B5B}.Release|Any CPU.ActiveCfg = Release|Any CPU
		{19A8093D-99AC-449A-869D-FA73C8596B5B}.Release|Any CPU.Build.0 = Release|Any CPU
		{19A8093D-99AC-449A-869D-FA73C8596B5B}.Release|x64.ActiveCfg = Release|Any CPU
		{19A8093D-99AC-449A-869D-FA73C8596B5B}.Release|x64.Build.0 = Release|Any CPU
		{19A8093D-99AC-449A-869D-FA73C8596B5B}.Release|x86.ActiveCfg = Release|Any CPU
		{19A8093D-99AC-449A-869D-FA73C8596B5B}.Release|x86.Build.0 = Release|Any CPU
		{EFEBA4A0-348F-4709-B2A7-A7D2DB13FB5F}.Debug|Any CPU.ActiveCfg = Debug|Any CPU
		{EFEBA4A0-348F-4709-B2A7-A7D2DB13FB5F}.Debug|Any CPU.Build.0 = Debug|Any CPU
		{EFEBA4A0-348F-4709-B2A7-A7D2DB13FB5F}.Debug|x64.ActiveCfg = Debug|Any CPU
		{EFEBA4A0-348F-4709-B2A7-A7D2DB13FB5F}.Debug|x64.Build.0 = Debug|Any CPU
		{EFEBA4A0-348F-4709-B2A7-A7D2DB13FB5F}.Debug|x86.ActiveCfg = Debug|Any CPU
		{EFEBA4A0-348F-4709-B2A7-A7D2DB13FB5F}.Debug|x86.Build.0 = Debug|Any CPU
		{EFEBA4A0-348F-4709-B2A7-A7D2DB13FB5F}.Release|Any CPU.ActiveCfg = Release|Any CPU
		{EFEBA4A0-348F-4709-B2A7-A7D2DB13FB5F}.Release|Any CPU.Build.0 = Release|Any CPU
		{EFEBA4A0-348F-4709-B2A7-A7D2DB13FB5F}.Release|x64.ActiveCfg = Release|Any CPU
		{EFEBA4A0-348F-4709-B2A7-A7D2DB13FB5F}.Release|x64.Build.0 = Release|Any CPU
		{EFEBA4A0-348F-4709-B2A7-A7D2DB13FB5F}.Release|x86.ActiveCfg = Release|Any CPU
		{EFEBA4A0-348F-4709-B2A7-A7D2DB13FB5F}.Release|x86.Build.0 = Release|Any CPU
		{828CD97C-654C-44C0-A6A2-D0B4F46B6CD8}.Debug|Any CPU.ActiveCfg = Debug|Any CPU
		{828CD97C-654C-44C0-A6A2-D0B4F46B6CD8}.Debug|Any CPU.Build.0 = Debug|Any CPU
		{828CD97C-654C-44C0-A6A2-D0B4F46B6CD8}.Debug|x64.ActiveCfg = Debug|Any CPU
		{828CD97C-654C-44C0-A6A2-D0B4F46B6CD8}.Debug|x64.Build.0 = Debug|Any CPU
		{828CD97C-654C-44C0-A6A2-D0B4F46B6CD8}.Debug|x86.ActiveCfg = Debug|Any CPU
		{828CD97C-654C-44C0-A6A2-D0B4F46B6CD8}.Debug|x86.Build.0 = Debug|Any CPU
		{828CD97C-654C-44C0-A6A2-D0B4F46B6CD8}.Release|Any CPU.ActiveCfg = Release|Any CPU
		{828CD97C-654C-44C0-A6A2-D0B4F46B6CD8}.Release|Any CPU.Build.0 = Release|Any CPU
		{828CD97C-654C-44C0-A6A2-D0B4F46B6CD8}.Release|x64.ActiveCfg = Release|Any CPU
		{828CD97C-654C-44C0-A6A2-D0B4F46B6CD8}.Release|x64.Build.0 = Release|Any CPU
		{828CD97C-654C-44C0-A6A2-D0B4F46B6CD8}.Release|x86.ActiveCfg = Release|Any CPU
		{828CD97C-654C-44C0-A6A2-D0B4F46B6CD8}.Release|x86.Build.0 = Release|Any CPU
	EndGlobalSection
	GlobalSection(SolutionProperties) = preSolution
		HideSolutionNode = FALSE
	EndGlobalSection
	GlobalSection(NestedProjects) = preSolution
		{8D626EA8-CB54-BC41-363A-217881BEBA6E} = {827E0CD3-B72D-47B6-A68D-7590B98EB39B}
		{9F40CF18-4F91-4EDF-AFD9-5D2EF2A644AF} = {8D626EA8-CB54-BC41-363A-217881BEBA6E}
		{85607BFB-F135-4F3C-AEAF-7884A854C39F} = {8D626EA8-CB54-BC41-363A-217881BEBA6E}
		{FFBE31B8-50B9-B415-22BC-2F92C97CADA3} = {827E0CD3-B72D-47B6-A68D-7590B98EB39B}
		{D1228256-3E3E-4E32-8AC7-FF72492642B3} = {FFBE31B8-50B9-B415-22BC-2F92C97CADA3}
		{15879CB8-7A3F-14CE-5390-BDD4BAA5791B} = {827E0CD3-B72D-47B6-A68D-7590B98EB39B}
		{6CE866D7-4D0B-4BFC-93E5-E5917028B227} = {15879CB8-7A3F-14CE-5390-BDD4BAA5791B}
		{54C618D7-7E05-444A-BEEA-90F6F63749EC} = {15879CB8-7A3F-14CE-5390-BDD4BAA5791B}
		{510B1DAB-2182-4F73-9174-D19B624F84FE} = {15879CB8-7A3F-14CE-5390-BDD4BAA5791B}
		{3339D402-2AB5-41A5-71BE-05E6399CF675} = {827E0CD3-B72D-47B6-A68D-7590B98EB39B}
		{2B0A16B9-199B-4949-AABA-FBB460E45D54} = {3339D402-2AB5-41A5-71BE-05E6399CF675}
		{DCB6FCB8-FF92-AC57-0842-1F72A354D6B1} = {827E0CD3-B72D-47B6-A68D-7590B98EB39B}
		{A0AD94F4-181E-4542-A9BF-E2876CC22932} = {DCB6FCB8-FF92-AC57-0842-1F72A354D6B1}
		{03997797-E7F5-0643-168D-B8EA7178C2FE} = {827E0CD3-B72D-47B6-A68D-7590B98EB39B}
		{19A8093D-99AC-449A-869D-FA73C8596B5B} = {03997797-E7F5-0643-168D-B8EA7178C2FE}
		{EFEBA4A0-348F-4709-B2A7-A7D2DB13FB5F} = {03997797-E7F5-0643-168D-B8EA7178C2FE}
		{5F6E8ECF-6C7C-84BC-3852-AC68F2C425F8} = {827E0CD3-B72D-47B6-A68D-7590B98EB39B}
		{828CD97C-654C-44C0-A6A2-D0B4F46B6CD8} = {5F6E8ECF-6C7C-84BC-3852-AC68F2C425F8}
	EndGlobalSection
EndGlobal
